
Microsoft Visual Studio Solution File, Format Version 12.00
# Visual Studio 15
VisualStudioVersion = 15.0.27004.2006
MinimumVisualStudioVersion = 10.0.40219.1
Project("{9092AA53-FB77-4645-B42D-1CCCA6BD08BD}") = "Client", "Client\Client.njsproj", "{D976F02F-CE40-4462-9F3D-AA801E547BB0}"
EndProject
Project("{9092AA53-FB77-4645-B42D-1CCCA6BD08BD}") = "Server", "Server\Server.njsproj", "{095C38A3-6AD1-46D6-B403-EB1BED80B57D}"
EndProject
Global
	GlobalSection(SolutionConfigurationPlatforms) = preSolution
		Debug|Any CPU = Debug|Any CPU
		Release|Any CPU = Release|Any CPU
	EndGlobalSection
	GlobalSection(ProjectConfigurationPlatforms) = postSolution
		{D976F02F-CE40-4462-9F3D-AA801E547BB0}.Debug|Any CPU.ActiveCfg = Debug|Any CPU
		{D976F02F-CE40-4462-9F3D-AA801E547BB0}.Debug|Any CPU.Build.0 = Debug|Any CPU
		{D976F02F-CE40-4462-9F3D-AA801E547BB0}.Release|Any CPU.ActiveCfg = Release|Any CPU
		{D976F02F-CE40-4462-9F3D-AA801E547BB0}.Release|Any CPU.Build.0 = Release|Any CPU
		{095C38A3-6AD1-46D6-B403-EB1BED80B57D}.Debug|Any CPU.ActiveCfg = Debug|Any CPU
		{095C38A3-6AD1-46D6-B403-EB1BED80B57D}.Debug|Any CPU.Build.0 = Debug|Any CPU
		{095C38A3-6AD1-46D6-B403-EB1BED80B57D}.Release|Any CPU.ActiveCfg = Release|Any CPU
		{095C38A3-6AD1-46D6-B403-EB1BED80B57D}.Release|Any CPU.Build.0 = Release|Any CPU
	EndGlobalSection
	GlobalSection(SolutionProperties) = preSolution
		HideSolutionNode = FALSE
	EndGlobalSection
	GlobalSection(ExtensibilityGlobals) = postSolution
		SolutionGuid = {DCA402E0-4CB3-4AD6-BEB7-966528C6B50F}
	EndGlobalSection
EndGlobal
